Microsoft Visual Studio Solution File, Format Version 8.00
Project("{8BC9CEB8-8B4A-11D0-8D11-00A0C91BC942}") = "inpaint", "inpaint.vcproj", "{D867C77B-DBA0-49FB-B2AA-234589236466}"
	ProjectSection(ProjectDependencies) = postProject
	EndProjectSection
EndProject
Global
	GlobalSection(SolutionConfiguration) = preSolution
		Debug = Debug
		Release = Release
	EndGlobalSection
	GlobalSection(ProjectConfiguration) = postSolution
		{D867C77B-DBA0-49FB-B2AA-234589236466}.Debug.ActiveCfg = Debug|Win32
		{D867C77B-DBA0-49FB-B2AA-234589236466}.Debug.Build.0 = Debug|Win32
		{D867C77B-DBA0-49FB-B2AA-234589236466}.Release.ActiveCfg = Release|Win32
		{D867C77B-DBA0-49FB-B2AA-234589236466}.Release.Build.0 = Release|Win32
	EndGlobalSection
	GlobalSection(ExtensibilityGlobals) = postSolution
	EndGlobalSection
	GlobalSection(ExtensibilityAddIns) = postSolution
	EndGlobalSection
EndGlobal
